
Microsoft Visual Studio Solution File, Format Version 12.00
# Visual Studio 2012
Project("{FAE04EC0-301F-11D3-BF4B-00C04F79EFBC}") = "chatroom.client", "chatroom.client\chatroom.client.csproj", "{55994A31-9433-426D-8C12-ECF2E52D1110}"
EndProject
Project("{FAE04EC0-301F-11D3-BF4B-00C04F79EFBC}") = "chatroom.client.test", "chatroom.client.test\chatroom.client.test.csproj", "{ACE04BCA-2B9B-4135-9839-426F6FFF064C}"
EndProject
Project("{FAE04EC0-301F-11D3-BF4B-00C04F79EFBC}") = "chatroom.client.console", "chatroom.client.console\chatroom.client.console.csproj", "{3DC0B734-61E7-42E8-9A0A-49C21C4F0596}"
EndProject
Global
	GlobalSection(SolutionConfigurationPlatforms) = preSolution
		Debug|Any CPU = Debug|Any CPU
		Release|Any CPU = Release|Any CPU
	EndGlobalSection
	GlobalSection(ProjectConfigurationPlatforms) = postSolution
		{55994A31-9433-426D-8C12-ECF2E52D1110}.Debug|Any CPU.ActiveCfg = Debug|Any CPU
		{55994A31-9433-426D-8C12-ECF2E52D1110}.Debug|Any CPU.Build.0 = Debug|Any CPU
		{55994A31-9433-426D-8C12-ECF2E52D1110}.Release|Any CPU.ActiveCfg = Release|Any CPU
		{55994A31-9433-426D-8C12-ECF2E52D1110}.Release|Any CPU.Build.0 = Release|Any CPU
		{ACE04BCA-2B9B-4135-9839-426F6FFF064C}.Debug|Any CPU.ActiveCfg = Debug|Any CPU
		{ACE04BCA-2B9B-4135-9839-426F6FFF064C}.Debug|Any CPU.Build.0 = Debug|Any CPU
		{ACE04BCA-2B9B-4135-9839-426F6FFF064C}.Release|Any CPU.ActiveCfg = Release|Any CPU
		{ACE04BCA-2B9B-4135-9839-426F6FFF064C}.Release|Any CPU.Build.0 = Release|Any CPU
		{3DC0B734-61E7-42E8-9A0A-49C21C4F0596}.Debug|Any CPU.ActiveCfg = Debug|Any CPU
		{3DC0B734-61E7-42E8-9A0A-49C21C4F0596}.Debug|Any CPU.Build.0 = Debug|Any CPU
		{3DC0B734-61E7-42E8-9A0A-49C21C4F0596}.Release|Any CPU.ActiveCfg = Release|Any CPU
		{3DC0B734-61E7-42E8-9A0A-49C21C4F0596}.Release|Any CPU.Build.0 = Release|Any CPU
	EndGlobalSection
	GlobalSection(SolutionProperties) = preSolution
		HideSolutionNode = FALSE
	EndGlobalSection
EndGlobal
